
Microsoft Visual Studio Solution File, Format Version 12.00
# Visual Studio 15
VisualStudioVersion = 15.0.28307.329
MinimumVisualStudioVersion = 10.0.40219.1
Project("{FAE04EC0-301F-11D3-BF4B-00C04F79EFBC}") = "SudokuSolver", "SudokuSolver\SudokuSolver.csproj", "{22BF763E-299E-4EBF-8117-50732C0AC243}"
EndProject
Global
	GlobalSection(SolutionConfigurationPlatforms) = preSolution
		Debug|Any CPU = Debug|Any CPU
		Release|Any CPU = Release|Any CPU
	EndGlobalSection
	GlobalSection(ProjectConfigurationPlatforms) = postSolution
		{22BF763E-299E-4EBF-8117-50732C0AC243}.Debug|Any CPU.ActiveCfg = Debug|Any CPU
		{22BF763E-299E-4EBF-8117-50732C0AC243}.Debug|Any CPU.Build.0 = Debug|Any CPU
		{22BF763E-299E-4EBF-8117-50732C0AC243}.Release|Any CPU.ActiveCfg = Release|Any CPU
		{22BF763E-299E-4EBF-8117-50732C0AC243}.Release|Any CPU.Build.0 = Release|Any CPU
	EndGlobalSection
	GlobalSection(SolutionProperties) = preSolution
		HideSolutionNode = FALSE
	EndGlobalSection
	GlobalSection(ExtensibilityGlobals) = postSolution
		SolutionGuid = {4F6E22DB-BD78-40EF-99B4-505BC611BB09}
	EndGlobalSection
EndGlobal
